
Microsoft Visual Studio Solution File, Format Version 12.00
# Visual Studio Version 17
VisualStudioVersion = 17.13.35919.96 d17.13
MinimumVisualStudioVersion = 10.0.40219.1
Project("{FAE04EC0-301F-11D3-BF4B-00C04F79EFBC}") = "SingletonPattern", "SingletonPattern\SingletonPattern.csproj", "{B57F7408-2518-4660-A0E9-7A8A20A06725}"
EndProject
Global
	GlobalSection(SolutionConfigurationPlatforms) = preSolution
		Debug|Any CPU = Debug|Any CPU
		Release|Any CPU = Release|Any CPU
	EndGlobalSection
	GlobalSection(ProjectConfigurationPlatforms) = postSolution
		{B57F7408-2518-4660-A0E9-7A8A20A06725}.Debug|Any CPU.ActiveCfg = Debug|Any CPU
		{B57F7408-2518-4660-A0E9-7A8A20A06725}.Debug|Any CPU.Build.0 = Debug|Any CPU
		{B57F7408-2518-4660-A0E9-7A8A20A06725}.Release|Any CPU.ActiveCfg = Release|Any CPU
		{B57F7408-2518-4660-A0E9-7A8A20A06725}.Release|Any CPU.Build.0 = Release|Any CPU
	EndGlobalSection
	GlobalSection(SolutionProperties) = preSolution
		HideSolutionNode = FALSE
	EndGlobalSection
	GlobalSection(ExtensibilityGlobals) = postSolution
		SolutionGuid = {957EF5FF-FF75-47A2-991A-18A172DF440F}
	EndGlobalSection
EndGlobal
